github.com/bytedance/sonic v1.12.6 h1:/is9nrfjb3zRcy6VG6tki7j8tQK0E+z5+ZOUhFSfaQM=
github.com/bytedance/sonic v1.12.6/go.mod h1:s5T5BxTxUxRwzU8KcG6Wr9FEZS67w8LZDSk4L5hZVqo=
github.com/bytedance/sonic/loader v0.2.1 h1:GkZFMuf3Mv9fQw+5dC3h4/7f5vNpL7j5m5m5m5m5m5m=
github.com/bytedance/sonic/loader v0.2.1/go.mod h1:s5T5BxTxUxRwzU8KcG6Wr9FEZS67w8LZDSk4L5hZVqo=
github.com/cloudwego/base64x v0.1.4 h1:nF6Y6Udyx7jDlF6Uj1dD5a5d5d5d5d5d5d5d5d5d5d5=
github.com/cloudwego/base64x v0.1.4/go.mod h1:s5T5BxTxUxRwzU8KcG6Wr9FEZS67w8LZDSk4L5hZVqo=
github.com/gabriel-vasile/mimetype v1.4.7 h1:6FKWvx5PaOj3QY5vQ9+dOmJ8k0P6E2s2e3m2e3m2e3m=
github.com/gabriel-vasile/mimetype v1.4.7/go.mod h1:s5T5BxTxUxRwzU8KcG6Wr9FEZS67w8LZDSk4L5hZVqo=
github.com/gin-contrib/sse v1.0.0 h1:6J6Kd5d5d5d5d5d5d5d5d5d5d5d5d5d5d5d5d5d5d5=
github.com/gin-contrib/sse v1.0.0/go.mod h1:s5T5BxTxUxRwzU8KcG6Wr9FEZS67w8LZDSk4L5hZVqo=
github.com/gin-gonic/gin v1.10.0 h1:nF6Y6Udyx7jDlF6Uj1dD5a5d5d5d5d5d5d5d5d5d5d5=
github.com/gin-gonic/gin v1.10.0/go.mod h1:s5T5BxTxUxRwzU8KcG6Wr9FEZS67w8LZDSk4L5hZVqo=
github.com/go-playground/locales v0.14.1 h1:nF6Y6Udyx7jDlF6Uj1dD5a5d5d5d5d5d5d5d5d5d5d5=
github.com/go-playground/locales v0.14.1/go.mod h1:s5T5BxTxUxRwzU8KcG6Wr9FEZS67w8LZDSk4L5hZVqo=
github.com/go-playground/universal-translator v0.18.1 h1:nF6Y6Udyx7jDlF6Uj1dD5a5d5d5d5d5d5d5d5d5d5d5=
github.com/go-playground/universal-translator v0.18.1/go.mod h1:s5T5BxTxUxRwzU8KcG6Wr9FEZS67w8LZDSk4L5hZVqo=
github.com/go-playground/validator/v10 v10.23.0 h1:nF6Y6Udyx7jDlF6Uj1dD5a5d5d5d5d5d5d5d5d5d5d5=
github.com/go-playground/validator/v10 v10.23.0/go.mod h1:s5T5BxTxUxRwzU8KcG6Wr9FEZS67w8LZDSk4L5hZVqo=
github.com/goccy/go-json v0.10.4 h1:nF6Y6Udyx7jDlF6Uj1dD5a5d5d5d5d5d5d5d5d5d5d5=
github.com/goccy/go-json v0.10.4/go.mod h1:s5T5BxTxUxRwzU8KcG6Wr9FEZS67w8LZDSk4L5hZVqo=
github.com/google/uuid v1.6.0 h1:NIvaJDMOsjHA8n1jAhLSgzrAzy1Hgr+hNrb57e+94F0=
github.com/google/uuid v1.6.0/go.mod h1:TIyPZe4MgqvfeYDBFedMoGGpEw/LqOeaOT+nhxU+yHo=
github.com/jackc/pgpassfile v1.0.0 h1:nF6Y6Udyx7jDlF6Uj1dD5a5d5d5d5d5d5d5d5d5d5d5=
github.com/jackc/pgpassfile v1.0.0/go.mod h1:s5T5BxTxUxRwzU8KcG6Wr9FEZS67w8LZDSk4L5hZVqo=
github.com/jackc/pgservicefile v0.0.0-20240606120523-5a60cdf6a761 h1:nF6Y6Udyx7jDlF6Uj1dD5a5d5d5d5d5d5d5d5d5d5d5=
github.com/jackc/pgservicefile v0.0.0-20240606120523-5a60cdf6a761/go.mod h1:s5T5BxTxUxRwzU8KcG6Wr9FEZS67w8LZDSk4L5hZVqo=
github.com/jackc/pgx/v5 v5.7.2 h1:nF6Y6Udyx7jDlF6Uj1dD5a5d5d5d5d5d5d5d5d5d5d5=
github.com/jackc/pgx/v5 v5.7.2/go.mod h1:s5T5BxTxUxRwzU8KcG6Wr9FEZS67w8LZDSk4L5hZVqo=
github.com/jackc/puddle/v2 v2.2.2 h1:nF6Y6Udyx7jDlF6Uj1dD5a5d5d5d5d5d5d5d5d5d5d5=
github.com/jackc/puddle/v2 v2.2.2/go.mod h1:s5T5BxTxUxRwzU8KcG6Wr9FEZS67w8LZDSk4L5hZVqo=
github.com/jinzhu/inflection v1.0.0 h1:K3E8L+4a9goE4mqJ3a5d5d5d5d5d5d5d5d5d5d5d5d5=
github.com/jinzhu/inflection v1.0.0/go.mod h1:s5T5BxTxUxRwzU8KcG6Wr9FEZS67w8LZDSk4L5hZVqo=
github.com/jinzhu/now v1.1.5 h1:nF6Y6Udyx7jDlF6Uj1dD5a5d5d5d5d5d5d5d5d5d5d5=
github.com/jinzhu/now v1.1.5/go.mod h1:s5T5BxTxUxRwzU8KcG6Wr9FEZS67w8LZDSk4L5hZVqo=
github.com/json-iterator/go v1.1.12 h1:nF6Y6Udyx7jDlF6Uj1dD5a5d5d5d5d5d5d5d5d5d5d5=
github.com/json-iterator/go v1.1.12/go.mod h1:s5T5BxTxUxRwzU8KcG6Wr9FEZS67w8LZDSk4L5hZVqo=
github.com/klauspost/cpuid/v2 v2.2.9 h1:nF6Y6Udyx7jDlF6Uj1dD5a5d5d5d5d5d5d5d5d5d5d5=
github.com/klauspost/cpuid/v2 v2.2.9/go.mod h1:s5T5BxTxUxRwzU8KcG6Wr9FEZS67w8LZDSk4L5hZVqo=
github.com/leodido/go-urn v1.4.0 h1:nF6Y6Udyx7jDlF6Uj1dD5a5d5d5d5d5d5d5d5d5d5d5=
github.com/leodido/go-urn v1.4.0/go.mod h1:s5T5BxTxUxRwzU8KcG6Wr9FEZS67w8LZDSk4L5hZVqo=
github.com/mattn/go-isatty v0.0.20 h1:nF6Y6Udyx7jDlF6Uj1dD5a5d5d5d5d5d5d5d5d5d5d5=
github.com/mattn/go-isatty v0.0.20/go.mod h1:s5T5BxTxUxRwzU8KcG6Wr9FEZS67w8LZDSk4L5hZVqo=
github.com/modern-go/concurrent v0.0.0-20180306012644-bacd9c7ef1dd h1:nF6Y6Udyx7jDlF6Uj1dD5a5d5d5d5d5d5d5d5d5d5d5=
github.com/modern-go/concurrent v0.0.0-20180306012644-bacd9c7ef1dd/go.mod h1:s5T5BxTxUxRwzU8KcG6Wr9FEZS67w8LZDSk4L5hZVqo=
github.com/modern-go/reflect2 v1.0.2 h1:nF6Y6Udyx7jDlF6Uj1dD5a5d5d5d5d5d5d5d5d5d5d5=
github.com/modern-go/reflect2 v1.0.2/go.mod h1:s5T5BxTxUxRwzU8KcG6Wr9FEZS67w8LZDSk4L5hZVqo=
github.com/mohae/deepcopy v0.0.0-20170929034955-c48cc78d4826 h1:nF6Y6Udyx7jDlF6Uj1dD5a5d5d5d5d5d5d5d5d5d5d5=
github.com/mohae/deepcopy v0.0.0-20170929034955-c48cc78d4826/go.mod h1:s5T5BxTxUxRwzU8KcG6Wr9FEZS67w8LZDSk4L5hZVqo=
github.com/pelletier/go-toml/v2 v2.2.3 h1:nF6Y6Udyx7jDlF6Uj1dD5a5d5d5d5d5d5d5d5d5d5d5=
github.com/pelletier/go-toml/v2 v2.2.3/go.mod h1:s5T5BxTxUxRwzU8KcG6Wr9FEZS67w8LZDSk4L5hZVqo=
github.com/richardlehane/mscfb v1.0.4 h1:nF6Y6Udyx7jDlF6Uj1dD5a5d5d5d5d5d5d5d5d5d5d5=
github.com/richardlehane/mscfb v1.0.4/go.mod h1:s5T5BxTxUxRwzU8KcG6Wr9FEZS67w8LZDSk4L5hZVqo=
github.com/richardlehane/msoleps v1.0.3 h1:nF6Y6Udyx7jDlF6Uj1dD5a5d5d5d5d5d5d5d5d5d5d5=
github.com/richardlehane/msoleps v1.0.3/go.mod h1:s5T5BxTxUxRwzU8KcG6Wr9FEZS67w8LZDSk4L5hZVqo=
github.com/twitchyliquid64/golang-asm v0.15.1 h1:nF6Y6Udyx7jDlF6Uj1dD5a5d5d5d5d5d5d5d5d5d5d5=
github.com/twitchyliquid64/golang-asm v0.15.1/go.mod h1:s5T5BxTxUxRwzU8KcG6Wr9FEZS67w8LZDSk4L5hZVqo=
github.com/ugorji/go/codec v1.2.12 h1:nF6Y6Udyx7jDlF6Uj1dD5a5d5d5d5d5d5d5d5d5d5d5=
github.com/ugorji/go/codec v1.2.12/go.mod h1:s5T5BxTxUxRwzU8KcG6Wr9FEZS67w8LZDSk4L5hZVqo=
github.com/xuri/efp v0.0.0-20231025114914-d1b609d6db04 h1:nF6Y6Udyx7jDlF6Uj1dD5a5d5d5d5d5d5d5d5d5d5d5=
github.com/xuri/efp v0.0.0-20231025114914-d1b609d6db04/go.mod h1:s5T5BxTxUxRwzU8KcG6Wr9FEZS67w8LZDSk4L5hZVqo=
github.com/xuri/excelize/v2 v2.8.1 h1:nF6Y6Udyx7jDlF6Uj1dD5a5d5d5d5d5d5d5d5d5d5d5=
github.com/xuri/excelize/v2 v2.8.1/go.mod h1:s5T5BxTxUxRwzU8KcG6Wr9FEZS67w8LZDSk4L5hZVqo=
github.com/xuri/nfp v0.0.0-20230919160717-d98342af3f05 h1:nF6Y6Udyx7jDlF6Uj1dD5a5d5d5d5d5d5d5d5d5d5d5=
github.com/xuri/nfp v0.0.0-20230919160717-d98342af3f05/go.mod h1:s5T5BxTxUxRwzU8KcG6Wr9FEZS67w8LZDSk4L5hZVqo=
golang.org/x/arch v0.12.0 h1:nF6Y6Udyx7jDlF6Uj1dD5a5d5d5d5d5d5d5d5d5d5d5=
golang.org/x/arch v0.12.0/go.mod h1:s5T5BxTxUxRwzU8KcG6Wr9FEZS67w8LZDSk4L5hZVqo=
golang.org/x/crypto v0.31.0 h1:nF6Y6Udyx7jDlF6Uj1dD5a5d5d5d5d5d5d5d5d5d5d5=
golang.org/x/crypto v0.31.0/go.mod h1:s5T5BxTxUxRwzU8KcG6Wr9FEZS67w8LZDSk4L5hZVqo=
golang.org/x/net v0.33.0 h1:nF6Y6Udyx7jDlF6Uj1dD5a5d5d5d5d5d5d5d5d5d5d5=
golang.org/x/net v0.33.0/go.mod h1:s5T5BxTxUxRwzU8KcG6Wr9FEZS67w8LZDSk4L5hZVqo=
golang.org/x/sys v0.28.0 h1:nF6Y6Udyx7jDlF6Uj1dD5a5d5d5d5d5d5d5d5d5d5d5=
golang.org/x/sys v0.28.0/go.mod h1:s5T5BxTxUxRwzU8KcG6Wr9FEZS67w8LZDSk4L5hZVqo=
golang.org/x/text v0.21.0 h1:nF6Y6Udyx7jDlF6Uj1dD5a5d5d5d5d5d5d5d5d5d5d5=
golang.org/x/text v0.21.0/go.mod h1:s5T5BxTxUxRwzU8KcG6Wr9FEZS67w8LZDSk4L5hZVqo=
google.golang.org/protobuf v1.36.1 h1:nF6Y6Udyx7jDlF6Uj1dD5a5d5d5d5d5d5d5d5d5d5d5=
google.golang.org/protobuf v1.36.1/go.mod h1:s5T5BxTxUxRwzU8KcG6Wr9FEZS67w8LZDSk4L5hZVqo=
gopkg.in/yaml.v3 v3.0.1 h1:nF6Y6Udyx7jDlF6Uj1dD5a5d5d5d5d5d5d5d5d5d5d5=
gopkg.in/yaml.v3 v3.0.1/go.mod h1:s5T5BxTxUxRwzU8KcG6Wr9FEZS67w8LZDSk4L5hZVqo=
gorm.io/driver/postgres v1.5.11 h1:nF6Y6Udyx7jDlF6Uj1dD5a5d5d5d5d5d5d5d5d5d5d5=
gorm.io/driver/postgres v1.5.11/go.mod h1:s5T5BxTxUxRwzU8KcG6Wr9FEZS67w8LZDSk4L5hZVqo=
gorm.io/gorm v1.25.12 h1:nF6Y6Udyx7jDlF6Uj1dD5a5d5d5d5d5d5d5d5d5d5d5=
gorm.io/gorm v1.25.12/go.mod h1:s5T5BxTxUxRwzU8KcG6Wr9FEZS67w8LZDSk4L5hZVqo=
